
Microsoft Visual Studio Solution File, Format Version 12.00
# Visual Studio Version 17
VisualStudioVersion = 17.0.31903.59
MinimumVisualStudioVersion = 10.0.40219.1
Project("{2150E333-8FDC-42A3-9474-1A3956D46DE8}") = "server", "server", "{DAD03CFC-D5FA-AC94-41C7-9ABAB326F09E}"
EndProject
Project("{FAE04EC0-301F-11D3-BF4B-00C04F79EFBC}") = "Api", "server\Api\Api.csproj", "{19F6ADBB-43FD-462E-BB40-1DF2EF665060}"
EndProject
Project("{FAE04EC0-301F-11D3-BF4B-00C04F79EFBC}") = "Worker", "server\Worker\Worker.csproj", "{F312C610-3A78-40E1-A116-7C9DCC1D0B46}"
EndProject
Project("{FAE04EC0-301F-11D3-BF4B-00C04F79EFBC}") = "Contracts", "server\Contracts\Contracts.csproj", "{C4678C26-E1D0-424D-8ADE-E40464308DA7}"
EndProject
Project("{FAE04EC0-301F-11D3-BF4B-00C04F79EFBC}") = "Generation", "server\Generation\Generation.csproj", "{8CE189E4-9970-4D74-8E62-28D28711A302}"
EndProject
Project("{2150E333-8FDC-42A3-9474-1A3956D46DE8}") = "tools", "tools", "{07C2787E-EAC7-C090-1BA3-A61EC2A24D84}"
EndProject
Project("{FAE04EC0-301F-11D3-BF4B-00C04F79EFBC}") = "NarrativeCompiler", "tools\NarrativeCompiler\NarrativeCompiler.csproj", "{17F12265-4E7F-493E-8430-DB8E3B1B3D2B}"
EndProject
Project("{FAE04EC0-301F-11D3-BF4B-00C04F79EFBC}") = "StoryValidator", "tools\StoryValidator\StoryValidator.csproj", "{24BA4FA3-CCBD-49E5-A9AA-7FEF1B6D8538}"
EndProject
Project("{FAE04EC0-301F-11D3-BF4B-00C04F79EFBC}") = "VoiceEvaluator", "tools\VoiceEvaluator\VoiceEvaluator.csproj", "{C8E7419D-0D8A-4B26-9F77-1F31C71A8D55}"
EndProject
Project("{FAE04EC0-301F-11D3-BF4B-00C04F79EFBC}") = "MediaPipeline", "tools\MediaPipeline\MediaPipeline.csproj", "{A3B8C9D1-4F2E-4A8B-9C31-0D7E6F5A2041}"
EndProject
Project("{2150E333-8FDC-42A3-9474-1A3956D46DE8}") = "tests", "tests", "{0AB3BF05-4346-4AA6-1389-037BE0695223}"
EndProject
Project("{FAE04EC0-301F-11D3-BF4B-00C04F79EFBC}") = "RepositoryLayout.Tests", "tests\RepositoryLayout.Tests\RepositoryLayout.Tests.csproj", "{68DAA632-6535-4924-BE10-94BC408224D1}"
EndProject
Project("{FAE04EC0-301F-11D3-BF4B-00C04F79EFBC}") = "Contracts.Schema.Tests", "tests\Contracts.Schema.Tests\Contracts.Schema.Tests.csproj", "{E8FB5199-121F-4917-B5F3-24D46E87A04A}"
EndProject
Project("{FAE04EC0-301F-11D3-BF4B-00C04F79EFBC}") = "StoryValidator.Tests", "tests\StoryValidator.Tests\StoryValidator.Tests.csproj", "{6A255307-4B15-499A-91DC-0835C1A34EBA}"
EndProject
Project("{FAE04EC0-301F-11D3-BF4B-00C04F79EFBC}") = "NarrativeCompiler.Tests", "tests\NarrativeCompiler.Tests\NarrativeCompiler.Tests.csproj", "{FBDFC67C-3B33-475D-9290-549FAA2A04D3}"
EndProject
Project("{FAE04EC0-301F-11D3-BF4B-00C04F79EFBC}") = "Api.Tests", "tests\Api.Tests\Api.Tests.csproj", "{9F542065-8915-4BBA-A2D7-0C810F235C83}"
EndProject
Project("{FAE04EC0-301F-11D3-BF4B-00C04F79EFBC}") = "VoiceEvaluator.Tests", "tests\VoiceEvaluator.Tests\VoiceEvaluator.Tests.csproj", "{A5D2E7B4-6B31-4F3B-8EB6-EC42CA92E037}"
EndProject
Project("{FAE04EC0-301F-11D3-BF4B-00C04F79EFBC}") = "Generation.Tests", "tests\Generation.Tests\Generation.Tests.csproj", "{F0B7ED92-71E9-4638-AD2F-532AC59EC302}"
EndProject
Project("{FAE04EC0-301F-11D3-BF4B-00C04F79EFBC}") = "MediaPipeline.Tests", "tests\MediaPipeline.Tests\MediaPipeline.Tests.csproj", "{B4C9D0E2-5A3F-4B9C-8D42-1E8F7A6B3052}"
EndProject
Project("{FAE04EC0-301F-11D3-BF4B-00C04F79EFBC}") = "LipSyncReviewer", "tools\LipSyncReviewer\LipSyncReviewer.csproj", "{4E69F443-0A6E-4765-A8B6-6278CF7D625B}"
EndProject
Project("{FAE04EC0-301F-11D3-BF4B-00C04F79EFBC}") = "LipSyncReviewer.Tests", "tests\LipSyncReviewer.Tests\LipSyncReviewer.Tests.csproj", "{AE47ED92-4EC9-4804-9449-404723CC3DE5}"
EndProject
Global
	GlobalSection(SolutionConfigurationPlatforms) = preSolution
		Debug|Any CPU = Debug|Any CPU
		Debug|x64 = Debug|x64
		Debug|x86 = Debug|x86
		Release|Any CPU = Release|Any CPU
		Release|x64 = Release|x64
		Release|x86 = Release|x86
	EndGlobalSection
	GlobalSection(ProjectConfigurationPlatforms) = postSolution
		{19F6ADBB-43FD-462E-BB40-1DF2EF665060}.Debug|Any CPU.ActiveCfg = Debug|Any CPU
		{19F6ADBB-43FD-462E-BB40-1DF2EF665060}.Debug|Any CPU.Build.0 = Debug|Any CPU
		{19F6ADBB-43FD-462E-BB40-1DF2EF665060}.Debug|x64.ActiveCfg = Debug|Any CPU
		{19F6ADBB-43FD-462E-BB40-1DF2EF665060}.Debug|x64.Build.0 = Debug|Any CPU
		{19F6ADBB-43FD-462E-BB40-1DF2EF665060}.Debug|x86.ActiveCfg = Debug|Any CPU
		{19F6ADBB-43FD-462E-BB40-1DF2EF665060}.Debug|x86.Build.0 = Debug|Any CPU
		{19F6ADBB-43FD-462E-BB40-1DF2EF665060}.Release|Any CPU.ActiveCfg = Release|Any CPU
		{19F6ADBB-43FD-462E-BB40-1DF2EF665060}.Release|Any CPU.Build.0 = Release|Any CPU
		{19F6ADBB-43FD-462E-BB40-1DF2EF665060}.Release|x64.ActiveCfg = Release|Any CPU
		{19F6ADBB-43FD-462E-BB40-1DF2EF665060}.Release|x64.Build.0 = Release|Any CPU
		{19F6ADBB-43FD-462E-BB40-1DF2EF665060}.Release|x86.ActiveCfg = Release|Any CPU
		{19F6ADBB-43FD-462E-BB40-1DF2EF665060}.Release|x86.Build.0 = Release|Any CPU
		{F312C610-3A78-40E1-A116-7C9DCC1D0B46}.Debug|Any CPU.ActiveCfg = Debug|Any CPU
		{F312C610-3A78-40E1-A116-7C9DCC1D0B46}.Debug|Any CPU.Build.0 = Debug|Any CPU
		{F312C610-3A78-40E1-A116-7C9DCC1D0B46}.Debug|x64.ActiveCfg = Debug|Any CPU
		{F312C610-3A78-40E1-A116-7C9DCC1D0B46}.Debug|x64.Build.0 = Debug|Any CPU
		{F312C610-3A78-40E1-A116-7C9DCC1D0B46}.Debug|x86.ActiveCfg = Debug|Any CPU
		{F312C610-3A78-40E1-A116-7C9DCC1D0B46}.Debug|x86.Build.0 = Debug|Any CPU
		{F312C610-3A78-40E1-A116-7C9DCC1D0B46}.Release|Any CPU.ActiveCfg = Release|Any CPU
		{F312C610-3A78-40E1-A116-7C9DCC1D0B46}.Release|Any CPU.Build.0 = Release|Any CPU
		{F312C610-3A78-40E1-A116-7C9DCC1D0B46}.Release|x64.ActiveCfg = Release|Any CPU
		{F312C610-3A78-40E1-A116-7C9DCC1D0B46}.Release|x64.Build.0 = Release|Any CPU
		{F312C610-3A78-40E1-A116-7C9DCC1D0B46}.Release|x86.ActiveCfg = Release|Any CPU
		{F312C610-3A78-40E1-A116-7C9DCC1D0B46}.Release|x86.Build.0 = Release|Any CPU
		{C4678C26-E1D0-424D-8ADE-E40464308DA7}.Debug|Any CPU.ActiveCfg = Debug|Any CPU
		{C4678C26-E1D0-424D-8ADE-E40464308DA7}.Debug|Any CPU.Build.0 = Debug|Any CPU
		{C4678C26-E1D0-424D-8ADE-E40464308DA7}.Debug|x64.ActiveCfg = Debug|Any CPU
		{C4678C26-E1D0-424D-8ADE-E40464308DA7}.Debug|x64.Build.0 = Debug|Any CPU
		{C4678C26-E1D0-424D-8ADE-E40464308DA7}.Debug|x86.ActiveCfg = Debug|Any CPU
		{C4678C26-E1D0-424D-8ADE-E40464308DA7}.Debug|x86.Build.0 = Debug|Any CPU
		{C4678C26-E1D0-424D-8ADE-E40464308DA7}.Release|Any CPU.ActiveCfg = Release|Any CPU
		{C4678C26-E1D0-424D-8ADE-E40464308DA7}.Release|Any CPU.Build.0 = Release|Any CPU
		{C4678C26-E1D0-424D-8ADE-E40464308DA7}.Release|x64.ActiveCfg = Release|Any CPU
		{C4678C26-E1D0-424D-8ADE-E40464308DA7}.Release|x64.Build.0 = Release|Any CPU
		{C4678C26-E1D0-424D-8ADE-E40464308DA7}.Release|x86.ActiveCfg = Release|Any CPU
		{C4678C26-E1D0-424D-8ADE-E40464308DA7}.Release|x86.Build.0 = Release|Any CPU
		{8CE189E4-9970-4D74-8E62-28D28711A302}.Debug|Any CPU.ActiveCfg = Debug|Any CPU
		{8CE189E4-9970-4D74-8E62-28D28711A302}.Debug|Any CPU.Build.0 = Debug|Any CPU
		{8CE189E4-9970-4D74-8E62-28D28711A302}.Debug|x64.ActiveCfg = Debug|Any CPU
		{8CE189E4-9970-4D74-8E62-28D28711A302}.Debug|x64.Build.0 = Debug|Any CPU
		{8CE189E4-9970-4D74-8E62-28D28711A302}.Debug|x86.ActiveCfg = Debug|Any CPU
		{8CE189E4-9970-4D74-8E62-28D28711A302}.Debug|x86.Build.0 = Debug|Any CPU
		{8CE189E4-9970-4D74-8E62-28D28711A302}.Release|Any CPU.ActiveCfg = Release|Any CPU
		{8CE189E4-9970-4D74-8E62-28D28711A302}.Release|Any CPU.Build.0 = Release|Any CPU
		{8CE189E4-9970-4D74-8E62-28D28711A302}.Release|x64.ActiveCfg = Release|Any CPU
		{8CE189E4-9970-4D74-8E62-28D28711A302}.Release|x64.Build.0 = Release|Any CPU
		{8CE189E4-9970-4D74-8E62-28D28711A302}.Release|x86.ActiveCfg = Release|Any CPU
		{8CE189E4-9970-4D74-8E62-28D28711A302}.Release|x86.Build.0 = Release|Any CPU
		{17F12265-4E7F-493E-8430-DB8E3B1B3D2B}.Debug|Any CPU.ActiveCfg = Debug|Any CPU
		{17F12265-4E7F-493E-8430-DB8E3B1B3D2B}.Debug|Any CPU.Build.0 = Debug|Any CPU
		{17F12265-4E7F-493E-8430-DB8E3B1B3D2B}.Debug|x64.ActiveCfg = Debug|Any CPU
		{17F12265-4E7F-493E-8430-DB8E3B1B3D2B}.Debug|x64.Build.0 = Debug|Any CPU
		{17F12265-4E7F-493E-8430-DB8E3B1B3D2B}.Debug|x86.ActiveCfg = Debug|Any CPU
		{17F12265-4E7F-493E-8430-DB8E3B1B3D2B}.Debug|x86.Build.0 = Debug|Any CPU
		{17F12265-4E7F-493E-8430-DB8E3B1B3D2B}.Release|Any CPU.ActiveCfg = Release|Any CPU
		{17F12265-4E7F-493E-8430-DB8E3B1B3D2B}.Release|Any CPU.Build.0 = Release|Any CPU
		{17F12265-4E7F-493E-8430-DB8E3B1B3D2B}.Release|x64.ActiveCfg = Release|Any CPU
		{17F12265-4E7F-493E-8430-DB8E3B1B3D2B}.Release|x64.Build.0 = Release|Any CPU
		{17F12265-4E7F-493E-8430-DB8E3B1B3D2B}.Release|x86.ActiveCfg = Release|Any CPU
		{17F12265-4E7F-493E-8430-DB8E3B1B3D2B}.Release|x86.Build.0 = Release|Any CPU
		{24BA4FA3-CCBD-49E5-A9AA-7FEF1B6D8538}.Debug|Any CPU.ActiveCfg = Debug|Any CPU
		{24BA4FA3-CCBD-49E5-A9AA-7FEF1B6D8538}.Debug|Any CPU.Build.0 = Debug|Any CPU
		{24BA4FA3-CCBD-49E5-A9AA-7FEF1B6D8538}.Debug|x64.ActiveCfg = Debug|Any CPU
		{24BA4FA3-CCBD-49E5-A9AA-7FEF1B6D8538}.Debug|x64.Build.0 = Debug|Any CPU
		{24BA4FA3-CCBD-49E5-A9AA-7FEF1B6D8538}.Debug|x86.ActiveCfg = Debug|Any CPU
		{24BA4FA3-CCBD-49E5-A9AA-7FEF1B6D8538}.Debug|x86.Build.0 = Debug|Any CPU
		{24BA4FA3-CCBD-49E5-A9AA-7FEF1B6D8538}.Release|Any CPU.ActiveCfg = Release|Any CPU
		{24BA4FA3-CCBD-49E5-A9AA-7FEF1B6D8538}.Release|Any CPU.Build.0 = Release|Any CPU
		{24BA4FA3-CCBD-49E5-A9AA-7FEF1B6D8538}.Release|x64.ActiveCfg = Release|Any CPU
		{24BA4FA3-CCBD-49E5-A9AA-7FEF1B6D8538}.Release|x64.Build.0 = Release|Any CPU
		{24BA4FA3-CCBD-49E5-A9AA-7FEF1B6D8538}.Release|x86.ActiveCfg = Release|Any CPU
		{24BA4FA3-CCBD-49E5-A9AA-7FEF1B6D8538}.Release|x86.Build.0 = Release|Any CPU
		{C8E7419D-0D8A-4B26-9F77-1F31C71A8D55}.Debug|Any CPU.ActiveCfg = Debug|Any CPU
		{C8E7419D-0D8A-4B26-9F77-1F31C71A8D55}.Debug|Any CPU.Build.0 = Debug|Any CPU
		{C8E7419D-0D8A-4B26-9F77-1F31C71A8D55}.Debug|x64.ActiveCfg = Debug|Any CPU
		{C8E7419D-0D8A-4B26-9F77-1F31C71A8D55}.Debug|x64.Build.0 = Debug|Any CPU
		{C8E7419D-0D8A-4B26-9F77-1F31C71A8D55}.Debug|x86.ActiveCfg = Debug|Any CPU
		{C8E7419D-0D8A-4B26-9F77-1F31C71A8D55}.Debug|x86.Build.0 = Debug|Any CPU
		{C8E7419D-0D8A-4B26-9F77-1F31C71A8D55}.Release|Any CPU.ActiveCfg = Release|Any CPU
		{C8E7419D-0D8A-4B26-9F77-1F31C71A8D55}.Release|Any CPU.Build.0 = Release|Any CPU
		{C8E7419D-0D8A-4B26-9F77-1F31C71A8D55}.Release|x64.ActiveCfg = Release|Any CPU
		{C8E7419D-0D8A-4B26-9F77-1F31C71A8D55}.Release|x64.Build.0 = Release|Any CPU
		{C8E7419D-0D8A-4B26-9F77-1F31C71A8D55}.Release|x86.ActiveCfg = Release|Any CPU
		{C8E7419D-0D8A-4B26-9F77-1F31C71A8D55}.Release|x86.Build.0 = Release|Any CPU
		{A3B8C9D1-4F2E-4A8B-9C31-0D7E6F5A2041}.Debug|Any CPU.ActiveCfg = Debug|Any CPU
		{A3B8C9D1-4F2E-4A8B-9C31-0D7E6F5A2041}.Debug|Any CPU.Build.0 = Debug|Any CPU
		{A3B8C9D1-4F2E-4A8B-9C31-0D7E6F5A2041}.Debug|x64.ActiveCfg = Debug|Any CPU
		{A3B8C9D1-4F2E-4A8B-9C31-0D7E6F5A2041}.Debug|x64.Build.0 = Debug|Any CPU
		{A3B8C9D1-4F2E-4A8B-9C31-0D7E6F5A2041}.Debug|x86.ActiveCfg = Debug|Any CPU
		{A3B8C9D1-4F2E-4A8B-9C31-0D7E6F5A2041}.Debug|x86.Build.0 = Debug|Any CPU
		{A3B8C9D1-4F2E-4A8B-9C31-0D7E6F5A2041}.Release|Any CPU.ActiveCfg = Release|Any CPU
		{A3B8C9D1-4F2E-4A8B-9C31-0D7E6F5A2041}.Release|Any CPU.Build.0 = Release|Any CPU
		{A3B8C9D1-4F2E-4A8B-9C31-0D7E6F5A2041}.Release|x64.ActiveCfg = Release|Any CPU
		{A3B8C9D1-4F2E-4A8B-9C31-0D7E6F5A2041}.Release|x64.Build.0 = Release|Any CPU
		{A3B8C9D1-4F2E-4A8B-9C31-0D7E6F5A2041}.Release|x86.ActiveCfg = Release|Any CPU
		{A3B8C9D1-4F2E-4A8B-9C31-0D7E6F5A2041}.Release|x86.Build.0 = Release|Any CPU
		{68DAA632-6535-4924-BE10-94BC408224D1}.Debug|Any CPU.ActiveCfg = Debug|Any CPU
		{68DAA632-6535-4924-BE10-94BC408224D1}.Debug|Any CPU.Build.0 = Debug|Any CPU
		{68DAA632-6535-4924-BE10-94BC408224D1}.Debug|x64.ActiveCfg = Debug|Any CPU
		{68DAA632-6535-4924-BE10-94BC408224D1}.Debug|x64.Build.0 = Debug|Any CPU
		{68DAA632-6535-4924-BE10-94BC408224D1}.Debug|x86.ActiveCfg = Debug|Any CPU
		{68DAA632-6535-4924-BE10-94BC408224D1}.Debug|x86.Build.0 = Debug|Any CPU
		{68DAA632-6535-4924-BE10-94BC408224D1}.Release|Any CPU.ActiveCfg = Release|Any CPU
		{68DAA632-6535-4924-BE10-94BC408224D1}.Release|Any CPU.Build.0 = Release|Any CPU
		{68DAA632-6535-4924-BE10-94BC408224D1}.Release|x64.ActiveCfg = Release|Any CPU
		{68DAA632-6535-4924-BE10-94BC408224D1}.Release|x64.Build.0 = Release|Any CPU
		{68DAA632-6535-4924-BE10-94BC408224D1}.Release|x86.ActiveCfg = Release|Any CPU
		{68DAA632-6535-4924-BE10-94BC408224D1}.Release|x86.Build.0 = Release|Any CPU
		{E8FB5199-121F-4917-B5F3-24D46E87A04A}.Debug|Any CPU.ActiveCfg = Debug|Any CPU
		{E8FB5199-121F-4917-B5F3-24D46E87A04A}.Debug|Any CPU.Build.0 = Debug|Any CPU
		{E8FB5199-121F-4917-B5F3-24D46E87A04A}.Debug|x64.ActiveCfg = Debug|Any CPU
		{E8FB5199-121F-4917-B5F3-24D46E87A04A}.Debug|x64.Build.0 = Debug|Any CPU
		{E8FB5199-121F-4917-B5F3-24D46E87A04A}.Debug|x86.ActiveCfg = Debug|Any CPU
		{E8FB5199-121F-4917-B5F3-24D46E87A04A}.Debug|x86.Build.0 = Debug|Any CPU
		{E8FB5199-121F-4917-B5F3-24D46E87A04A}.Release|Any CPU.ActiveCfg = Release|Any CPU
		{E8FB5199-121F-4917-B5F3-24D46E87A04A}.Release|Any CPU.Build.0 = Release|Any CPU
		{E8FB5199-121F-4917-B5F3-24D46E87A04A}.Release|x64.ActiveCfg = Release|Any CPU
		{E8FB5199-121F-4917-B5F3-24D46E87A04A}.Release|x64.Build.0 = Release|Any CPU
		{E8FB5199-121F-4917-B5F3-24D46E87A04A}.Release|x86.ActiveCfg = Release|Any CPU
		{E8FB5199-121F-4917-B5F3-24D46E87A04A}.Release|x86.Build.0 = Release|Any CPU
		{6A255307-4B15-499A-91DC-0835C1A34EBA}.Debug|Any CPU.ActiveCfg = Debug|Any CPU
		{6A255307-4B15-499A-91DC-0835C1A34EBA}.Debug|Any CPU.Build.0 = Debug|Any CPU
		{6A255307-4B15-499A-91DC-0835C1A34EBA}.Debug|x64.ActiveCfg = Debug|Any CPU
		{6A255307-4B15-499A-91DC-0835C1A34EBA}.Debug|x64.Build.0 = Debug|Any CPU
		{6A255307-4B15-499A-91DC-0835C1A34EBA}.Debug|x86.ActiveCfg = Debug|Any CPU
		{6A255307-4B15-499A-91DC-0835C1A34EBA}.Debug|x86.Build.0 = Debug|Any CPU
		{6A255307-4B15-499A-91DC-0835C1A34EBA}.Release|Any CPU.ActiveCfg = Release|Any CPU
		{6A255307-4B15-499A-91DC-0835C1A34EBA}.Release|Any CPU.Build.0 = Release|Any CPU
		{6A255307-4B15-499A-91DC-0835C1A34EBA}.Release|x64.ActiveCfg = Release|Any CPU
		{6A255307-4B15-499A-91DC-0835C1A34EBA}.Release|x64.Build.0 = Release|Any CPU
		{6A255307-4B15-499A-91DC-0835C1A34EBA}.Release|x86.ActiveCfg = Release|Any CPU
		{6A255307-4B15-499A-91DC-0835C1A34EBA}.Release|x86.Build.0 = Release|Any CPU
		{FBDFC67C-3B33-475D-9290-549FAA2A04D3}.Debug|Any CPU.ActiveCfg = Debug|Any CPU
		{FBDFC67C-3B33-475D-9290-549FAA2A04D3}.Debug|Any CPU.Build.0 = Debug|Any CPU
		{FBDFC67C-3B33-475D-9290-549FAA2A04D3}.Debug|x64.ActiveCfg = Debug|Any CPU
		{FBDFC67C-3B33-475D-9290-549FAA2A04D3}.Debug|x64.Build.0 = Debug|Any CPU
		{FBDFC67C-3B33-475D-9290-549FAA2A04D3}.Debug|x86.ActiveCfg = Debug|Any CPU
		{FBDFC67C-3B33-475D-9290-549FAA2A04D3}.Debug|x86.Build.0 = Debug|Any CPU
		{FBDFC67C-3B33-475D-9290-549FAA2A04D3}.Release|Any CPU.ActiveCfg = Release|Any CPU
		{FBDFC67C-3B33-475D-9290-549FAA2A04D3}.Release|Any CPU.Build.0 = Release|Any CPU
		{FBDFC67C-3B33-475D-9290-549FAA2A04D3}.Release|x64.ActiveCfg = Release|Any CPU
		{FBDFC67C-3B33-475D-9290-549FAA2A04D3}.Release|x64.Build.0 = Release|Any CPU
		{FBDFC67C-3B33-475D-9290-549FAA2A04D3}.Release|x86.ActiveCfg = Release|Any CPU
		{FBDFC67C-3B33-475D-9290-549FAA2A04D3}.Release|x86.Build.0 = Release|Any CPU
		{9F542065-8915-4BBA-A2D7-0C810F235C83}.Debug|Any CPU.ActiveCfg = Debug|Any CPU
		{9F542065-8915-4BBA-A2D7-0C810F235C83}.Debug|Any CPU.Build.0 = Debug|Any CPU
		{9F542065-8915-4BBA-A2D7-0C810F235C83}.Debug|x64.ActiveCfg = Debug|Any CPU
		{9F542065-8915-4BBA-A2D7-0C810F235C83}.Debug|x64.Build.0 = Debug|Any CPU
		{9F542065-8915-4BBA-A2D7-0C810F235C83}.Debug|x86.ActiveCfg = Debug|Any CPU
		{9F542065-8915-4BBA-A2D7-0C810F235C83}.Debug|x86.Build.0 = Debug|Any CPU
		{9F542065-8915-4BBA-A2D7-0C810F235C83}.Release|Any CPU.ActiveCfg = Release|Any CPU
		{9F542065-8915-4BBA-A2D7-0C810F235C83}.Release|Any CPU.Build.0 = Release|Any CPU
		{9F542065-8915-4BBA-A2D7-0C810F235C83}.Release|x64.ActiveCfg = Release|Any CPU
		{9F542065-8915-4BBA-A2D7-0C810F235C83}.Release|x64.Build.0 = Release|Any CPU
		{9F542065-8915-4BBA-A2D7-0C810F235C83}.Release|x86.ActiveCfg = Release|Any CPU
		{9F542065-8915-4BBA-A2D7-0C810F235C83}.Release|x86.Build.0 = Release|Any CPU
		{A5D2E7B4-6B31-4F3B-8EB6-EC42CA92E037}.Debug|Any CPU.ActiveCfg = Debug|Any CPU
		{A5D2E7B4-6B31-4F3B-8EB6-EC42CA92E037}.Debug|Any CPU.Build.0 = Debug|Any CPU
		{A5D2E7B4-6B31-4F3B-8EB6-EC42CA92E037}.Debug|x64.ActiveCfg = Debug|Any CPU
		{A5D2E7B4-6B31-4F3B-8EB6-EC42CA92E037}.Debug|x64.Build.0 = Debug|Any CPU
		{A5D2E7B4-6B31-4F3B-8EB6-EC42CA92E037}.Debug|x86.ActiveCfg = Debug|Any CPU
		{A5D2E7B4-6B31-4F3B-8EB6-EC42CA92E037}.Debug|x86.Build.0 = Debug|Any CPU
		{A5D2E7B4-6B31-4F3B-8EB6-EC42CA92E037}.Release|Any CPU.ActiveCfg = Release|Any CPU
		{A5D2E7B4-6B31-4F3B-8EB6-EC42CA92E037}.Release|Any CPU.Build.0 = Release|Any CPU
		{A5D2E7B4-6B31-4F3B-8EB6-EC42CA92E037}.Release|x64.ActiveCfg = Release|Any CPU
		{A5D2E7B4-6B31-4F3B-8EB6-EC42CA92E037}.Release|x64.Build.0 = Release|Any CPU
		{A5D2E7B4-6B31-4F3B-8EB6-EC42CA92E037}.Release|x86.ActiveCfg = Release|Any CPU
		{A5D2E7B4-6B31-4F3B-8EB6-EC42CA92E037}.Release|x86.Build.0 = Release|Any CPU
		{F0B7ED92-71E9-4638-AD2F-532AC59EC302}.Debug|Any CPU.ActiveCfg = Debug|Any CPU
		{F0B7ED92-71E9-4638-AD2F-532AC59EC302}.Debug|Any CPU.Build.0 = Debug|Any CPU
		{F0B7ED92-71E9-4638-AD2F-532AC59EC302}.Debug|x64.ActiveCfg = Debug|Any CPU
		{F0B7ED92-71E9-4638-AD2F-532AC59EC302}.Debug|x64.Build.0 = Debug|Any CPU
		{F0B7ED92-71E9-4638-AD2F-532AC59EC302}.Debug|x86.ActiveCfg = Debug|Any CPU
		{F0B7ED92-71E9-4638-AD2F-532AC59EC302}.Debug|x86.Build.0 = Debug|Any CPU
		{F0B7ED92-71E9-4638-AD2F-532AC59EC302}.Release|Any CPU.ActiveCfg = Release|Any CPU
		{F0B7ED92-71E9-4638-AD2F-532AC59EC302}.Release|Any CPU.Build.0 = Release|Any CPU
		{F0B7ED92-71E9-4638-AD2F-532AC59EC302}.Release|x64.ActiveCfg = Release|Any CPU
		{F0B7ED92-71E9-4638-AD2F-532AC59EC302}.Release|x64.Build.0 = Release|Any CPU
		{F0B7ED92-71E9-4638-AD2F-532AC59EC302}.Release|x86.ActiveCfg = Release|Any CPU
		{F0B7ED92-71E9-4638-AD2F-532AC59EC302}.Release|x86.Build.0 = Release|Any CPU
		{B4C9D0E2-5A3F-4B9C-8D42-1E8F7A6B3052}.Debug|Any CPU.ActiveCfg = Debug|Any CPU
		{B4C9D0E2-5A3F-4B9C-8D42-1E8F7A6B3052}.Debug|Any CPU.Build.0 = Debug|Any CPU
		{B4C9D0E2-5A3F-4B9C-8D42-1E8F7A6B3052}.Debug|x64.ActiveCfg = Debug|Any CPU
		{B4C9D0E2-5A3F-4B9C-8D42-1E8F7A6B3052}.Debug|x64.Build.0 = Debug|Any CPU
		{B4C9D0E2-5A3F-4B9C-8D42-1E8F7A6B3052}.Debug|x86.ActiveCfg = Debug|Any CPU
		{B4C9D0E2-5A3F-4B9C-8D42-1E8F7A6B3052}.Debug|x86.Build.0 = Debug|Any CPU
		{B4C9D0E2-5A3F-4B9C-8D42-1E8F7A6B3052}.Release|Any CPU.ActiveCfg = Release|Any CPU
		{B4C9D0E2-5A3F-4B9C-8D42-1E8F7A6B3052}.Release|Any CPU.Build.0 = Release|Any CPU
		{B4C9D0E2-5A3F-4B9C-8D42-1E8F7A6B3052}.Release|x64.ActiveCfg = Release|Any CPU
		{B4C9D0E2-5A3F-4B9C-8D42-1E8F7A6B3052}.Release|x64.Build.0 = Release|Any CPU
		{B4C9D0E2-5A3F-4B9C-8D42-1E8F7A6B3052}.Release|x86.ActiveCfg = Release|Any CPU
		{B4C9D0E2-5A3F-4B9C-8D42-1E8F7A6B3052}.Release|x86.Build.0 = Release|Any CPU
		{4E69F443-0A6E-4765-A8B6-6278CF7D625B}.Debug|Any CPU.ActiveCfg = Debug|Any CPU
		{4E69F443-0A6E-4765-A8B6-6278CF7D625B}.Debug|Any CPU.Build.0 = Debug|Any CPU
		{4E69F443-0A6E-4765-A8B6-6278CF7D625B}.Debug|x64.ActiveCfg = Debug|Any CPU
		{4E69F443-0A6E-4765-A8B6-6278CF7D625B}.Debug|x64.Build.0 = Debug|Any CPU
		{4E69F443-0A6E-4765-A8B6-6278CF7D625B}.Debug|x86.ActiveCfg = Debug|Any CPU
		{4E69F443-0A6E-4765-A8B6-6278CF7D625B}.Debug|x86.Build.0 = Debug|Any CPU
		{4E69F443-0A6E-4765-A8B6-6278CF7D625B}.Release|Any CPU.ActiveCfg = Release|Any CPU
		{4E69F443-0A6E-4765-A8B6-6278CF7D625B}.Release|Any CPU.Build.0 = Release|Any CPU
		{4E69F443-0A6E-4765-A8B6-6278CF7D625B}.Release|x64.ActiveCfg = Release|Any CPU
		{4E69F443-0A6E-4765-A8B6-6278CF7D625B}.Release|x64.Build.0 = Release|Any CPU
		{4E69F443-0A6E-4765-A8B6-6278CF7D625B}.Release|x86.ActiveCfg = Release|Any CPU
		{4E69F443-0A6E-4765-A8B6-6278CF7D625B}.Release|x86.Build.0 = Release|Any CPU
		{AE47ED92-4EC9-4804-9449-404723CC3DE5}.Debug|Any CPU.ActiveCfg = Debug|Any CPU
		{AE47ED92-4EC9-4804-9449-404723CC3DE5}.Debug|Any CPU.Build.0 = Debug|Any CPU
		{AE47ED92-4EC9-4804-9449-404723CC3DE5}.Debug|x64.ActiveCfg = Debug|Any CPU
		{AE47ED92-4EC9-4804-9449-404723CC3DE5}.Debug|x64.Build.0 = Debug|Any CPU
		{AE47ED92-4EC9-4804-9449-404723CC3DE5}.Debug|x86.ActiveCfg = Debug|Any CPU
		{AE47ED92-4EC9-4804-9449-404723CC3DE5}.Debug|x86.Build.0 = Debug|Any CPU
		{AE47ED92-4EC9-4804-9449-404723CC3DE5}.Release|Any CPU.ActiveCfg = Release|Any CPU
		{AE47ED92-4EC9-4804-9449-404723CC3DE5}.Release|Any CPU.Build.0 = Release|Any CPU
		{AE47ED92-4EC9-4804-9449-404723CC3DE5}.Release|x64.ActiveCfg = Release|Any CPU
		{AE47ED92-4EC9-4804-9449-404723CC3DE5}.Release|x64.Build.0 = Release|Any CPU
		{AE47ED92-4EC9-4804-9449-404723CC3DE5}.Release|x86.ActiveCfg = Release|Any CPU
		{AE47ED92-4EC9-4804-9449-404723CC3DE5}.Release|x86.Build.0 = Release|Any CPU
	EndGlobalSection
	GlobalSection(SolutionProperties) = preSolution
		HideSolutionNode = FALSE
	EndGlobalSection
	GlobalSection(NestedProjects) = preSolution
		{19F6ADBB-43FD-462E-BB40-1DF2EF665060} = {DAD03CFC-D5FA-AC94-41C7-9ABAB326F09E}
		{F312C610-3A78-40E1-A116-7C9DCC1D0B46} = {DAD03CFC-D5FA-AC94-41C7-9ABAB326F09E}
		{C4678C26-E1D0-424D-8ADE-E40464308DA7} = {DAD03CFC-D5FA-AC94-41C7-9ABAB326F09E}
		{8CE189E4-9970-4D74-8E62-28D28711A302} = {DAD03CFC-D5FA-AC94-41C7-9ABAB326F09E}
		{17F12265-4E7F-493E-8430-DB8E3B1B3D2B} = {07C2787E-EAC7-C090-1BA3-A61EC2A24D84}
		{24BA4FA3-CCBD-49E5-A9AA-7FEF1B6D8538} = {07C2787E-EAC7-C090-1BA3-A61EC2A24D84}
		{C8E7419D-0D8A-4B26-9F77-1F31C71A8D55} = {07C2787E-EAC7-C090-1BA3-A61EC2A24D84}
		{A3B8C9D1-4F2E-4A8B-9C31-0D7E6F5A2041} = {07C2787E-EAC7-C090-1BA3-A61EC2A24D84}
		{68DAA632-6535-4924-BE10-94BC408224D1} = {0AB3BF05-4346-4AA6-1389-037BE0695223}
		{E8FB5199-121F-4917-B5F3-24D46E87A04A} = {0AB3BF05-4346-4AA6-1389-037BE0695223}
		{6A255307-4B15-499A-91DC-0835C1A34EBA} = {0AB3BF05-4346-4AA6-1389-037BE0695223}
		{FBDFC67C-3B33-475D-9290-549FAA2A04D3} = {0AB3BF05-4346-4AA6-1389-037BE0695223}
		{9F542065-8915-4BBA-A2D7-0C810F235C83} = {0AB3BF05-4346-4AA6-1389-037BE0695223}
		{A5D2E7B4-6B31-4F3B-8EB6-EC42CA92E037} = {0AB3BF05-4346-4AA6-1389-037BE0695223}
		{F0B7ED92-71E9-4638-AD2F-532AC59EC302} = {0AB3BF05-4346-4AA6-1389-037BE0695223}
		{B4C9D0E2-5A3F-4B9C-8D42-1E8F7A6B3052} = {0AB3BF05-4346-4AA6-1389-037BE0695223}
		{4E69F443-0A6E-4765-A8B6-6278CF7D625B} = {07C2787E-EAC7-C090-1BA3-A61EC2A24D84}
		{AE47ED92-4EC9-4804-9449-404723CC3DE5} = {0AB3BF05-4346-4AA6-1389-037BE0695223}
	EndGlobalSection
EndGlobal
